// !$*UTF8*$!
{
	archiveVersion = 1;
	classes = {
	};
	objectVersion = 48;
	objects = {

/* Begin PBXBuildFile section */
		E94C674120451ECF00597B7C /* AppDelegate.swift in Sources */ = {isa = PBXBuildFile; fileRef = E94C674020451ECF00597B7C /* AppDelegate.swift */; };
		E94C674320451ECF00597B7C /* ViewController.swift in Sources */ = {isa = PBXBuildFile; fileRef = E94C674220451ECF00597B7C /* ViewController.swift */; };
		E94C674620451ECF00597B7C /* Main.storyboard in Resources */ = {isa = PBXBuildFile; fileRef = E94C674420451ECF00597B7C /* Main.storyboard */; };
		E94C674820451ECF00597B7C /* Assets.xcassets in Resources */ = {isa = PBXBuildFile; fileRef = E94C674720451ECF00597B7C /* Assets.xcassets */; };
		E94C674B20451ECF00597B7C /* LaunchScreen.storyboard in Resources */ = {isa = PBXBuildFile; fileRef = E94C674920451ECF00597B7C /* LaunchScreen.storyboard */; };
		E94C675620451ECF00597B7C /* Silly_SongTests.swift in Sources */ = {isa = PBXBuildFile; fileRef = E94C675520451ECF00597B7C /* Silly_SongTests.swift */; };
		E94C676120451ECF00597B7C /* Silly_SongUITests.swift in Sources */ = {isa = PBXBuildFile; fileRef = E94C676020451ECF00597B7C /* Silly_SongUITests.swift */; };
/* End PBXBuildFile section */

/* Begin PBXContainerItemProxy section */
		E94C675220451ECF00597B7C /* PBXContainerItemProxy */ = {
			isa = PBXContainerItemProxy;
			containerPortal = E94C673520451ECF00597B7C /* Project object */;
			proxyType = 1;
			remoteGlobalIDString = E94C673C20451ECF00597B7C;
			remoteInfo = "Silly Song";
		};
		E94C675D20451ECF00597B7C /* PBXContainerItemProxy */ = {
			isa = PBXContainerItemProxy;
			containerPortal = E94C673520451ECF00597B7C /* Project object */;
			proxyType = 1;
			remoteGlobalIDString = E94C673C20451ECF00597B7C;
			remoteInfo = "Silly Song";
		};
/* End PBXContainerItemProxy section */

/* Begin PBXFileReference section */
		E94C673D20451ECF00597B7C /* Silly Song.app */ = {isa = PBXFileReference; explicitFileType = wrapper.application; includeInIndex = 0; path = "Silly Song.app"; sourceTree = BUILT_PRODUCTS_DIR; };
		E94C674020451ECF00597B7C /* AppDelegate.swift */ = {isa = PBXFileReference; lastKnownFileType = sourcecode.swift; path = AppDelegate.swift; sourceTree = "<group>"; };
		E94C674220451ECF00597B7C /* ViewController.swift */ = {isa = PBXFileReference; lastKnownFileType = sourcecode.swift; path = ViewController.swift; sourceTree = "<group>"; };
		E94C674520451ECF00597B7C /* Base */ = {isa = PBXFileReference; lastKnownFileType = file.storyboard; name = Base; path = Base.lproj/Main.storyboard; sourceTree = "<group>"; };
		E94C674720451ECF00597B7C /* Assets.xcassets */ = {isa = PBXFileReference; lastKnownFileType = folder.assetcatalog; path = Assets.xcassets; sourceTree = "<group>"; };
		E94C674A20451ECF00597B7C /* Base */ = {isa = PBXFileReference; lastKnownFileType = file.storyboard; name = Base; path = Base.lproj/LaunchScreen.storyboard; sourceTree = "<group>"; };
		E94C674C20451ECF00597B7C /* Info.plist */ = {isa = PBXFileReference; lastKnownFileType = text.plist.xml; path = Info.plist; sourceTree = "<group>"; };
		E94C675120451ECF00597B7C /* Silly SongTests.xctest */ = {isa = PBXFileReference; explicitFileType = wrapper.cfbundle; includeInIndex = 0; path = "Silly SongTests.xctest"; sourceTree = BUILT_PRODUCTS_DIR; };
		E94C675520451ECF00597B7C /* Silly_SongTests.swift */ = {isa = PBXFileReference; lastKnownFileType = sourcecode.swift; path = Silly_SongTests.swift; sourceTree = "<group>"; };
		E94C675720451ECF00597B7C /* Info.plist */ = {isa = PBXFileReference; lastKnownFileType = text.plist.xml; path = Info.plist; sourceTree = "<group>"; };
		E94C675C20451ECF00597B7C /* Silly SongUITests.xctest */ = {isa = PBXFileReference; explicitFileType = wrapper.cfbundle; includeInIndex = 0; path = "Silly SongUITests.xctest"; sourceTree = BUILT_PRODUCTS_DIR; };
		E94C676020451ECF00597B7C /* Silly_SongUITests.swift */ = {isa = PBXFileReference; lastKnownFileType = sourcecode.swift; path = Silly_SongUITests.swift; sourceTree = "<group>"; };
		E94C676220451ECF00597B7C /* Info.plist */ = {isa = PBXFileReference; lastKnownFileType = text.plist.xml; path = Info.plist; sourceTree = "<group>"; };
/* End PBXFileReference section */

/* Begin PBXFrameworksBuildPhase section */
		E94C673A20451ECF00597B7C /* Frameworks */ = {
			isa = PBXFrameworksBuildPhase;
			buildActionMask = 2147483647;
			files = (
			);
			runOnlyForDeploymentPostprocessing = 0;
		};
		E94C674E20451ECF00597B7C /* Frameworks */ = {
			isa = PBXFrameworksBuildPhase;
			buildActionMask = 2147483647;
			files = (
			);
			runOnlyForDeploymentPostprocessing = 0;
		};
		E94C675920451ECF00597B7C /* Frameworks */ = {
			isa = PBXFrameworksBuildPhase;
			buildActionMask = 2147483647;
			files = (
			);
			runOnlyForDeploymentPostprocessing = 0;
		};
/* End PBXFrameworksBuildPhase section */

/* Begin PBXGroup section */
		E94C673420451ECF00597B7C = {
			isa = PBXGroup;
			children = (
				E94C673F20451ECF00597B7C /* Silly Song */,
				E94C675420451ECF00597B7C /* Silly SongTests */,
				E94C675F20451ECF00597B7C /* Silly SongUITests */,
				E94C673E20451ECF00597B7C /* Products */,
			);
			sourceTree = "<group>";
		};
		E94C673E20451ECF00597B7C /* Products */ = {
			isa = PBXGroup;
			children = (
				E94C673D20451ECF00597B7C /* Silly Song.app */,
				E94C675120451ECF00597B7C /* Silly SongTests.xctest */,
				E94C675C20451ECF00597B7C /* Silly SongUITests.xctest */,
			);
			name = Products;
			sourceTree = "<group>";
		};
		E94C673F20451ECF00597B7C /* Silly Song */ = {
			isa = PBXGroup;
			children = (
				E94C674020451ECF00597B7C /* AppDelegate.swift */,
				E94C674220451ECF00597B7C /* ViewController.swift */,
				E94C674420451ECF00597B7C /* Main.storyboard */,
				E94C674720451ECF00597B7C /* Assets.xcassets */,
				E94C674920451ECF00597B7C /* LaunchScreen.storyboard */,
				E94C674C20451ECF00597B7C /* Info.plist */,
			);
			path = "Silly Song";
			sourceTree = "<group>";
		};
		E94C675420451ECF00597B7C /* Silly SongTests */ = {
			isa = PBXGroup;
			children = (
				E94C675520451ECF00597B7C /* Silly_SongTests.swift */,
				E94C675720451ECF00597B7C /* Info.plist */,
			);
			path = "Silly SongTests";
			sourceTree = "<group>";
		};
		E94C675F20451ECF00597B7C /* Silly SongUITests */ = {
			isa = PBXGroup;
			children = (
				E94C676020451ECF00597B7C /* Silly_SongUITests.swift */,
				E94C676220451ECF00597B7C /* Info.plist */,
			);
			path = "Silly SongUITests";
			sourceTree = "<group>";
		};
/* End PBXGroup section */

/* Begin PBXNativeTarget section */
		E94C673C20451ECF00597B7C /* Silly Song */ = {
			isa = PBXNativeTarget;
			buildConfigurationList = E94C676520451ECF00597B7C /* Build configuration list for PBXNativeTarget "Silly Song" */;
			buildPhases = (
				E94C673920451ECF00597B7C /* Sources */,
				E94C673A20451ECF00597B7C /* Frameworks */,
				E94C673B20451ECF00597B7C /* Resources */,
			);
			buildRules = (
			);
			dependencies = (
			);
			name = "Silly Song";
			productName = "Silly Song";
			productReference = E94C673D20451ECF00597B7C /* Silly Song.app */;
			productType = "com.apple.product-type.application";
		};
		E94C675020451ECF00597B7C /* Silly SongTests */ = {
			isa = PBXNativeTarget;
			buildConfigurationList = E94C676820451ECF00597B7C /* Build configuration list for PBXNativeTarget "Silly SongTests" */;
			buildPhases = (
				E94C674D20451ECF00597B7C /* Sources */,
				E94C674E20451ECF00597B7C /* Frameworks */,
				E94C674F20451ECF00597B7C /* Resources */,
			);
			buildRules = (
			);
			dependencies = (
				E94C675320451ECF00597B7C /* PBXTargetDependency */,
			);
			name = "Silly SongTests";
			productName = "Silly SongTests";
			productReference = E94C675120451ECF00597B7C /* Silly SongTests.xctest */;
			productType = "com.apple.product-type.bundle.unit-test";
		};
		E94C675B20451ECF00597B7C /* Silly SongUITests */ = {
			isa = PBXNativeTarget;
			buildConfigurationList = E94C676B20451ECF00597B7C /* Build configuration list for PBXNativeTarget "Silly SongUITests" */;
			buildPhases = (
				E94C675820451ECF00597B7C /* Sources */,
				E94C675920451ECF00597B7C /* Frameworks */,
				E94C675A20451ECF00597B7C /* Resources */,
			);
			buildRules = (
			);
			dependencies = (
				E94C675E20451ECF00597B7C /* PBXTargetDependency */,
			);
			name = "Silly SongUITests";
			productName = "Silly SongUITests";
			productReference = E94C675C20451ECF00597B7C /* Silly SongUITests.xctest */;
			productType = "com.apple.product-type.bundle.ui-testing";
		};
/* End PBXNativeTarget section */

/* Begin PBXProject section */
		E94C673520451ECF00597B7C /* Project object */ = {
			isa = PBXProject;
			attributes = {
				LastSwiftUpdateCheck = 0920;
				LastUpgradeCheck = 0920;
				ORGANIZATIONNAME = "Jeffrey Young";
				TargetAttributes = {
					E94C673C20451ECF00597B7C = {
						CreatedOnToolsVersion = 9.2;
						ProvisioningStyle = Automatic;
					};
					E94C675020451ECF00597B7C = {
						CreatedOnToolsVersion = 9.2;
						ProvisioningStyle = Automatic;
						TestTargetID = E94C673C20451ECF00597B7C;
					};
					E94C675B20451ECF00597B7C = {
						CreatedOnToolsVersion = 9.2;
						ProvisioningStyle = Automatic;
						TestTargetID = E94C673C20451ECF00597B7C;
					};
				};
			};
			buildConfigurationList = E94C673820451ECF00597B7C /* Build configuration list for PBXProject "Silly Song" */;
			compatibilityVersion = "Xcode 8.0";
			developmentRegion = en;
			hasScannedForEncodings = 0;
			knownRegions = (
				en,
				Base,
			);
			mainGroup = E94C673420451ECF00597B7C;
			productRefGroup = E94C673E20451ECF00597B7C /* Products */;
			projectDirPath = "";
			projectRoot = "";
			targets = (
				E94C673C20451ECF00597B7C /* Silly Song */,
				E94C675020451ECF00597B7C /* Silly SongTests */,
				E94C675B20451ECF00597B7C /* Silly SongUITests */,
			);
		};
/* End PBXProject section */

/* Begin PBXResourcesBuildPhase section */
		E94C673B20451ECF00597B7C /* Resources */ = {
			isa = PBXResourcesBuildPhase;
			buildActionMask = 2147483647;
			files = (
				E94C674B20451ECF00597B7C /* LaunchScreen.storyboard in Resources */,
				E94C674820451ECF00597B7C /* Assets.xcassets in Resources */,
				E94C674620451ECF00597B7C /* Main.storyboard in Resources */,
			);
			runOnlyForDeploymentPostprocessing = 0;
		};
		E94C674F20451ECF00597B7C /* Resources */ = {
			isa = PBXResourcesBuildPhase;
			buildActionMask = 2147483647;
			files = (
			);
			runOnlyForDeploymentPostprocessing = 0;
		};
		E94C675A20451ECF00597B7C /* Resources */ = {
			isa = PBXResourcesBuildPhase;
			buildActionMask = 2147483647;
			files = (
			);
			runOnlyForDeploymentPostprocessing = 0;
		};
/* End PBXResourcesBuildPhase section */

/* Begin PBXSourcesBuildPhase section */
		E94C673920451ECF00597B7C /* Sources */ = {
			isa = PBXSourcesBuildPhase;
			buildActionMask = 2147483647;
			files = (
				E94C674320451ECF00597B7C /* ViewController.swift in Sources */,
				E94C674120451ECF00597B7C /* AppDelegate.swift in Sources */,
			);
			runOnlyForDeploymentPostprocessing = 0;
		};
		E94C674D20451ECF00597B7C /* Sources */ = {
			isa = PBXSourcesBuildPhase;
			buildActionMask = 2147483647;
			files = (
				E94C675620451ECF00597B7C /* Silly_SongTests.swift in Sources */,
			);
			runOnlyForDeploymentPostprocessing = 0;
		};
		E94C675820451ECF00597B7C /* Sources */ = {
			isa = PBXSourcesBuildPhase;
			buildActionMask = 2147483647;
			files = (
				E94C676120451ECF00597B7C /* Silly_SongUITests.swift in Sources */,
			);
			runOnlyForDeploymentPostprocessing = 0;
		};
/* End PBXSourcesBuildPhase section */

/* Begin PBXTargetDependency section */
		E94C675320451ECF00597B7C /* PBXTargetDependency */ = {
			isa = PBXTargetDependency;
			target = E94C673C20451ECF00597B7C /* Silly Song */;
			targetProxy = E94C675220451ECF00597B7C /* PBXContainerItemProxy */;
		};
		E94C675E20451ECF00597B7C /* PBXTargetDependency */ = {
			isa = PBXTargetDependency;
			target = E94C673C20451ECF00597B7C /* Silly Song */;
			targetProxy = E94C675D20451ECF00597B7C /* PBXContainerItemProxy */;
		};
/* End PBXTargetDependency section */

/* Begin PBXVariantGroup section */
		E94C674420451ECF00597B7C /* Main.storyboard */ = {
			isa = PBXVariantGroup;
			children = (
				E94C674520451ECF00597B7C /* Base */,
			);
			name = Main.storyboard;
			sourceTree = "<group>";
		};
		E94C674920451ECF00597B7C /* LaunchScreen.storyboard */ = {
			isa = PBXVariantGroup;
			children = (
				E94C674A20451ECF00597B7C /* Base */,
			);
			name = LaunchScreen.storyboard;
			sourceTree = "<group>";
		};
/* End PBXVariantGroup section */

/* Begin XCBuildConfiguration section */
		E94C676320451ECF00597B7C /* Debug */ = {
			isa = XCBuildConfiguration;
			buildSettings = {
				ALWAYS_SEARCH_USER_PATHS = NO;
				CLANG_ANALYZER_NONNULL = YES;
				CLANG_ANALYZER_NUMBER_OBJECT_CONVERSION = YES_AGGRESSIVE;
				CLANG_CXX_LANGUAGE_STANDARD = "gnu++14";
				CLANG_CXX_LIBRARY = "libc++";
				CLANG_ENABLE_MODULES = YES;
				CLANG_ENABLE_OBJC_ARC = YES;
				CLANG_WARN_BLOCK_CAPTURE_AUTORELEASING = YES;
				CLANG_WARN_BOOL_CONVERSION = YES;
				CLANG_WARN_COMMA = YES;
				CLANG_WARN_CONSTANT_CONVERSION = YES;
				CLANG_WARN_DIRECT_OBJC_ISA_USAGE = YES_ERROR;
				CLANG_WARN_DOCUMENTATION_COMMENTS = YES;
				CLANG_WARN_EMPTY_BODY = YES;
				CLANG_WARN_ENUM_CONVERSION = YES;
				CLANG_WARN_INFINITE_RECURSION = YES;
				CLANG_WARN_INT_CONVERSION = YES;
				CLANG_WARN_NON_LITERAL_NULL_CONVERSION = YES;
				CLANG_WARN_OBJC_LITERAL_CONVERSION = YES;
				CLANG_WARN_OBJC_ROOT_CLASS = YES_ERROR;
				CLANG_WARN_RANGE_LOOP_ANALYSIS = YES;
				CLANG_WARN_STRICT_PROTOTYPES = YES;
				CLANG_WARN_SUSPICIOUS_MOVE = YES;
				CLANG_WARN_UNGUARDED_AVAILABILITY = YES_AGGRESSIVE;
				CLANG_WARN_UNREACHABLE_CODE = YES;
				CLANG_WARN__DUPLICATE_METHOD_MATCH = YES;
				CODE_SIGN_IDENTITY = "iPhone Developer";
				COPY_PHASE_STRIP = NO;
				DEBUG_INFORMATION_FORMAT = dwarf;
				ENABLE_STRICT_OBJC_MSGSEND = YES;
				ENABLE_TESTABILITY = YES;
				GCC_C_LANGUAGE_STANDARD = gnu11;
				GCC_DYNAMIC_NO_PIC = NO;
				GCC_NO_COMMON_BLOCKS = YES;
				GCC_OPTIMIZATION_LEVEL = 0;
				GCC_PREPROCESSOR_DEFINITIONS = (
					"DEBUG=1",
					"$(inherited)",
				);
				GCC_WARN_64_TO_32_BIT_CONVERSION = YES;
				GCC_WARN_ABOUT_RETURN_TYPE = YES_ERROR;
				GCC_WARN_UNDECLARED_SELECTOR = YES;
				GCC_WARN_UNINITIALIZED_AUTOS = YES_AGGRESSIVE;
				GCC_WARN_UNUSED_FUNCTION = YES;
				GCC_WARN_UNUSED_VARIABLE = YES;
				IPHONEOS_DEPLOYMENT_TARGET = 11.2;
				MTL_ENABLE_DEBUG_INFO = YES;
				ONLY_ACTIVE_ARCH = YES;
				SDKROOT = iphoneos;
				SWIFT_ACTIVE_COMPILATION_CONDITIONS = DEBUG;
				SWIFT_OPTIMIZATION_LEVEL = "-Onone";
			};
			name = Debug;
		};
		E94C676420451ECF00597B7C /* Release */ = {
			isa = XCBuildConfiguration;
			buildSettings = {
				ALWAYS_SEARCH_USER_PATHS = NO;
				CLANG_ANALYZER_NONNULL = YES;
				CLANG_ANALYZER_NUMBER_OBJECT_CONVERSION = YES_AGGRESSIVE;
				CLANG_CXX_LANGUAGE_STANDARD = "gnu++14";
				CLANG_CXX_LIBRARY = "libc++";
				CLANG_ENABLE_MODULES = YES;
				CLANG_ENABLE_OBJC_ARC = YES;
				CLANG_WARN_BLOCK_CAPTURE_AUTORELEASING = YES;
				CLANG_WARN_BOOL_CONVERSION = YES;
				CLANG_WARN_COMMA = YES;
				CLANG_WARN_CONSTANT_CONVERSION = YES;
				CLANG_WARN_DIRECT_OBJC_ISA_USAGE = YES_ERROR;
				CLANG_WARN_DOCUMENTATION_COMMENTS = YES;
				CLANG_WARN_EMPTY_BODY = YES;
				CLANG_WARN_ENUM_CONVERSION = YES;
				CLANG_WARN_INFINITE_RECURSION = YES;
				CLANG_WARN_INT_CONVERSION = YES;
				CLANG_WARN_NON_LITERAL_NULL_CONVERSION = YES;
				CLANG_WARN_OBJC_LITERAL_CONVERSION = YES;
				CLANG_WARN_OBJC_ROOT_CLASS = YES_ERROR;
				CLANG_WARN_RANGE_LOOP_ANALYSIS = YES;
				CLANG_WARN_STRICT_PROTOTYPES = YES;
				CLANG_WARN_SUSPICIOUS_MOVE = YES;
				CLANG_WARN_UNGUARDED_AVAILABILITY = YES_AGGRESSIVE;
				CLANG_WARN_UNREACHABLE_CODE = YES;
				CLANG_WARN__DUPLICATE_METHOD_MATCH = YES;
				CODE_SIGN_IDENTITY = "iPhone Developer";
				COPY_PHASE_STRIP = NO;
				DEBUG_INFORMATION_FORMAT = "dwarf-with-dsym";
				ENABLE_NS_ASSERTIONS = NO;
				ENABLE_STRICT_OBJC_MSGSEND = YES;
				GCC_C_LANGUAGE_STANDARD = gnu11;
				GCC_NO_COMMON_BLOCKS = YES;
				GCC_WARN_64_TO_32_BIT_CONVERSION = YES;
				GCC_WARN_ABOUT_RETURN_TYPE = YES_ERROR;
				GCC_WARN_UNDECLARED_SELECTOR = YES;
				GCC_WARN_UNINITIALIZED_AUTOS = YES_AGGRESSIVE;
				GCC_WARN_UNUSED_FUNCTION = YES;
				GCC_WARN_UNUSED_VARIABLE = YES;
				IPHONEOS_DEPLOYMENT_TARGET = 11.2;
				MTL_ENABLE_DEBUG_INFO = NO;
				SDKROOT = iphoneos;
				SWIFT_OPTIMIZATION_LEVEL = "-Owholemodule";
				VALIDATE_PRODUCT = YES;
			};
			name = Release;
		};
		E94C676620451ECF00597B7C /* Debug */ = {
			isa = XCBuildConfiguration;
			buildSettings = {
				ASSETCATALOG_COMPILER_APPICON_NAME = AppIcon;
				CODE_SIGN_STYLE = Automatic;
				DEVELOPMENT_TEAM = 28SCSY7B4X;
				INFOPLIST_FILE = "Silly Song/Info.plist";
				LD_RUNPATH_SEARCH_PATHS = "$(inherited) @executable_path/Frameworks";
				PRODUCT_BUNDLE_IDENTIFIER = "SDL-tutorial.Silly-Song";
				PRODUCT_NAME = "$(TARGET_NAME)";
				SWIFT_VERSION = 4.0;
				TARGETED_DEVICE_FAMILY = "1,2";
			};
			name = Debug;
		};
		E94C676720451ECF00597B7C /* Release */ = {
			isa = XCBuildConfiguration;
			buildSettings = {
				ASSETCATALOG_COMPILER_APPICON_NAME = AppIcon;
				CODE_SIGN_STYLE = Automatic;
				DEVELOPMENT_TEAM = 28SCSY7B4X;
				INFOPLIST_FILE = "Silly Song/Info.plist";
				LD_RUNPATH_SEARCH_PATHS = "$(inherited) @executable_path/Frameworks";
				PRODUCT_BUNDLE_IDENTIFIER = "SDL-tutorial.Silly-Song";
				PRODUCT_NAME = "$(TARGET_NAME)";
				SWIFT_VERSION = 4.0;
				TARGETED_DEVICE_FAMILY = "1,2";
			};
			name = Release;
		};
		E94C676920451ECF00597B7C /* Debug */ = {
			isa = XCBuildConfiguration;
			buildSettings = {
				ALWAYS_EMBED_SWIFT_STANDARD_LIBRARIES = YES;
				BUNDLE_LOADER = "$(TEST_HOST)";
				CODE_SIGN_STYLE = Automatic;
				INFOPLIST_FILE = "Silly SongTests/Info.plist";
				LD_RUNPATH_SEARCH_PATHS = "$(inherited) @executable_path/Frameworks @loader_path/Frameworks";
				PRODUCT_BUNDLE_IDENTIFIER = "SDL-tutorial.Silly-SongTests";
				PRODUCT_NAME = "$(TARGET_NAME)";
				SWIFT_VERSION = 4.0;
				TARGETED_DEVICE_FAMILY = "1,2";
				TEST_HOST = "$(BUILT_PRODUCTS_DIR)/Silly Song.app/Silly Song";
			};
			name = Debug;
		};
		E94C676A20451ECF00597B7C /* Release */ = {
			isa = XCBuildConfiguration;
			buildSettings = {
				ALWAYS_EMBED_SWIFT_STANDARD_LIBRARIES = YES;
				BUNDLE_LOADER = "$(TEST_HOST)";
				CODE_SIGN_STYLE = Automatic;
				INFOPLIST_FILE = "Silly SongTests/Info.plist";
				LD_RUNPATH_SEARCH_PATHS = "$(inherited) @executable_path/Frameworks @loader_path/Frameworks";
				PRODUCT_BUNDLE_IDENTIFIER = "SDL-tutorial.Silly-SongTests";
				PRODUCT_NAME = "$(TARGET_NAME)";
				SWIFT_VERSION = 4.0;
				TARGETED_DEVICE_FAMILY = "1,2";
				TEST_HOST = "$(BUILT_PRODUCTS_DIR)/Silly Song.app/Silly Song";
			};
			name = Release;
		};
		E94C676C20451ECF00597B7C /* Debug */ = {
			isa = XCBuildConfiguration;
			buildSettings = {
				ALWAYS_EMBED_SWIFT_STANDARD_LIBRARIES = YES;
				CODE_SIGN_STYLE = Automatic;
				INFOPLIST_FILE = "Silly SongUITests/Info.plist";
				LD_RUNPATH_SEARCH_PATHS = "$(inherited) @executable_path/Frameworks @loader_path/Frameworks";
				PRODUCT_BUNDLE_IDENTIFIER = "SDL-tutorial.Silly-SongUITests";
				PRODUCT_NAME = "$(TARGET_NAME)";
				SWIFT_VERSION = 4.0;
				TARGETED_DEVICE_FAMILY = "1,2";
				TEST_TARGET_NAME = "Silly Song";
			};
			name = Debug;
		};
		E94C676D20451ECF00597B7C /* Release */ = {
			isa = XCBuildConfiguration;
			buildSettings = {
				ALWAYS_EMBED_SWIFT_STANDARD_LIBRARIES = YES;
				CODE_SIGN_STYLE = Automatic;
				INFOPLIST_FILE = "Silly SongUITests/Info.plist";
				LD_RUNPATH_SEARCH_PATHS = "$(inherited) @executable_path/Frameworks @loader_path/Frameworks";
				PRODUCT_BUNDLE_IDENTIFIER = "SDL-tutorial.Silly-SongUITests";
				PRODUCT_NAME = "$(TARGET_NAME)";
				SWIFT_VERSION = 4.0;
				TARGETED_DEVICE_FAMILY = "1,2";
				TEST_TARGET_NAME = "Silly Song";
			};
			name = Release;
		};
/* End XCBuildConfiguration section */

/* Begin XCConfigurationList section */
		E94C673820451ECF00597B7C /* Build configuration list for PBXProject "Silly Song" */ = {
			isa = XCConfigurationList;
			buildConfigurations = (
				E94C676320451ECF00597B7C /* Debug */,
				E94C676420451ECF00597B7C /* Release */,
			);
			defaultConfigurationIsVisible = 0;
			defaultConfigurationName = Release;
		};
		E94C676520451ECF00597B7C /* Build configuration list for PBXNativeTarget "Silly Song" */ = {
			isa = XCConfigurationList;
			buildConfigurations = (
				E94C676620451ECF00597B7C /* Debug */,
				E94C676720451ECF00597B7C /* Release */,
			);
			defaultConfigurationIsVisible = 0;
			defaultConfigurationName = Release;
		};
		E94C676820451ECF00597B7C /* Build configuration list for PBXNativeTarget "Silly SongTests" */ = {
			isa = XCConfigurationList;
			buildConfigurations = (
				E94C676920451ECF00597B7C /* Debug */,
				E94C676A20451ECF00597B7C /* Release */,
			);
			defaultConfigurationIsVisible = 0;
			defaultConfigurationName = Release;
		};
		E94C676B20451ECF00597B7C /* Build configuration list for PBXNativeTarget "Silly SongUITests" */ = {
			isa = XCConfigurationList;
			buildConfigurations = (
				E94C676C20451ECF00597B7C /* Debug */,
				E94C676D20451ECF00597B7C /* Release */,
			);
			defaultConfigurationIsVisible = 0;
			defaultConfigurationName = Release;
		};
/* End XCConfigurationList section */
	};
	rootObject = E94C673520451ECF00597B7C /* Project object */;
}
